// !$*UTF8*$!
{
	archiveVersion = 1;
	classes = {
	};
	objectVersion = 50;
	objects = {

/* Begin PBXBuildFile section */
		E0F29B3D2542D2E200275058 /* route_riderApp.swift in Sources */ = {isa = PBXBuildFile; fileRef = E0F29B3C2542D2E200275058 /* route_riderApp.swift */; };
		E0F29B3F2542D2E200275058 /* ContentView.swift in Sources */ = {isa = PBXBuildFile; fileRef = E0F29B3E2542D2E200275058 /* ContentView.swift */; };
		E0F29B412542D2E600275058 /* Assets.xcassets in Resources */ = {isa = PBXBuildFile; fileRef = E0F29B402542D2E600275058 /* Assets.xcassets */; };
		E0F29B442542D2E600275058 /* Preview Assets.xcassets in Resources */ = {isa = PBXBuildFile; fileRef = E0F29B432542D2E600275058 /* Preview Assets.xcassets */; };
		E0F29B462542D2E600275058 /* Persistence.swift in Sources */ = {isa = PBXBuildFile; fileRef = E0F29B452542D2E600275058 /* Persistence.swift */; };
		E0F29B492542D2E600275058 /* route_rider.xcdatamodeld in Sources */ = {isa = PBXBuildFile; fileRef = E0F29B472542D2E600275058 /* route_rider.xcdatamodeld */; };
		E0F29B5225444F2F00275058 /* addItemview.swift in Sources */ = {isa = PBXBuildFile; fileRef = E0F29B5125444F2F00275058 /* addItemview.swift */; };
		E0F8ADDD2548702900D2F81B /* LocationService.swift in Sources */ = {isa = PBXBuildFile; fileRef = E0F8ADDC2548702900D2F81B /* LocationService.swift */; };
/* End PBXBuildFile section */

/* Begin PBXFileReference section */
		E0F29B392542D2E200275058 /* route-rider.app */ = {isa = PBXFileReference; explicitFileType = wrapper.application; includeInIndex = 0; path = "route-rider.app"; sourceTree = BUILT_PRODUCTS_DIR; };
		E0F29B3C2542D2E200275058 /* route_riderApp.swift */ = {isa = PBXFileReference; lastKnownFileType = sourcecode.swift; path = route_riderApp.swift; sourceTree = "<group>"; };
		E0F29B3E2542D2E200275058 /* ContentView.swift */ = {isa = PBXFileReference; lastKnownFileType = sourcecode.swift; path = ContentView.swift; sourceTree = "<group>"; };
		E0F29B402542D2E600275058 /* Assets.xcassets */ = {isa = PBXFileReference; lastKnownFileType = folder.assetcatalog; path = Assets.xcassets; sourceTree = "<group>"; };
		E0F29B432542D2E600275058 /* Preview Assets.xcassets */ = {isa = PBXFileReference; lastKnownFileType = folder.assetcatalog; path = "Preview Assets.xcassets"; sourceTree = "<group>"; };
		E0F29B452542D2E600275058 /* Persistence.swift */ = {isa = PBXFileReference; lastKnownFileType = sourcecode.swift; path = Persistence.swift; sourceTree = "<group>"; };
		E0F29B482542D2E600275058 /* route_rider.xcdatamodel */ = {isa = PBXFileReference; lastKnownFileType = wrapper.xcdatamodel; path = route_rider.xcdatamodel; sourceTree = "<group>"; };
		E0F29B4A2542D2E600275058 /* Info.plist */ = {isa = PBXFileReference; lastKnownFileType = text.plist.xml; path = Info.plist; sourceTree = "<group>"; };
		E0F29B5125444F2F00275058 /* addItemview.swift */ = {isa = PBXFileReference; lastKnownFileType = sourcecode.swift; path = addItemview.swift; sourceTree = "<group>"; };
		E0F8ADDC2548702900D2F81B /* LocationService.swift */ = {isa = PBXFileReference; lastKnownFileType = sourcecode.swift; path = LocationService.swift; sourceTree = "<group>"; };
/* End PBXFileReference section */

/* Begin PBXFrameworksBuildPhase section */
		E0F29B362542D2E200275058 /* Frameworks */ = {
			isa = PBXFrameworksBuildPhase;
			buildActionMask = 2147483647;
			files = (
			);
			runOnlyForDeploymentPostprocessing = 0;
		};
/* End PBXFrameworksBuildPhase section */

/* Begin PBXGroup section */
		E0F29B302542D2E200275058 = {
			isa = PBXGroup;
			children = (
				E0F29B3B2542D2E200275058 /* route-rider */,
				E0F29B3A2542D2E200275058 /* Products */,
			);
			sourceTree = "<group>";
		};
		E0F29B3A2542D2E200275058 /* Products */ = {
			isa = PBXGroup;
			children = (
				E0F29B392542D2E200275058 /* route-rider.app */,
			);
			name = Products;
			sourceTree = "<group>";
		};
		E0F29B3B2542D2E200275058 /* route-rider */ = {
			isa = PBXGroup;
			children = (
				E0F29B3C2542D2E200275058 /* route_riderApp.swift */,
				E0F29B3E2542D2E200275058 /* ContentView.swift */,
				E0F29B402542D2E600275058 /* Assets.xcassets */,
				E0F29B452542D2E600275058 /* Persistence.swift */,
				E0F29B4A2542D2E600275058 /* Info.plist */,
				E0F29B472542D2E600275058 /* route_rider.xcdatamodeld */,
				E0F29B422542D2E600275058 /* Preview Content */,
				E0F29B5125444F2F00275058 /* addItemview.swift */,
				E0F8ADDC2548702900D2F81B /* LocationService.swift */,
			);
			path = "route-rider";
			sourceTree = "<group>";
		};
		E0F29B422542D2E600275058 /* Preview Content */ = {
			isa = PBXGroup;
			children = (
				E0F29B432542D2E600275058 /* Preview Assets.xcassets */,
			);
			path = "Preview Content";
			sourceTree = "<group>";
		};
/* End PBXGroup section */

/* Begin PBXNativeTarget section */
		E0F29B382542D2E200275058 /* route-rider */ = {
			isa = PBXNativeTarget;
			buildConfigurationList = E0F29B4D2542D2E600275058 /* Build configuration list for PBXNativeTarget "route-rider" */;
			buildPhases = (
				E0F29B352542D2E200275058 /* Sources */,
				E0F29B362542D2E200275058 /* Frameworks */,
				E0F29B372542D2E200275058 /* Resources */,
			);
			buildRules = (
			);
			dependencies = (
			);
			name = "route-rider";
			productName = "route-rider";
			productReference = E0F29B392542D2E200275058 /* route-rider.app */;
			productType = "com.apple.product-type.application";
		};
/* End PBXNativeTarget section */

/* Begin PBXProject section */
		E0F29B312542D2E200275058 /* Project object */ = {
			isa = PBXProject;
			attributes = {
				LastSwiftUpdateCheck = 1210;
				LastUpgradeCheck = 1210;
				TargetAttributes = {
					E0F29B382542D2E200275058 = {
						CreatedOnToolsVersion = 12.1;
					};
				};
			};
			buildConfigurationList = E0F29B342542D2E200275058 /* Build configuration list for PBXProject "route-rider" */;
			compatibilityVersion = "Xcode 9.3";
			developmentRegion = en;
			hasScannedForEncodings = 0;
			knownRegions = (
				en,
				Base,
			);
			mainGroup = E0F29B302542D2E200275058;
			productRefGroup = E0F29B3A2542D2E200275058 /* Products */;
			projectDirPath = "";
			projectRoot = "";
			targets = (
				E0F29B382542D2E200275058 /* route-rider */,
			);
		};
/* End PBXProject section */

/* Begin PBXResourcesBuildPhase section */
		E0F29B372542D2E200275058 /* Resources */ = {
			isa = PBXResourcesBuildPhase;
			buildActionMask = 2147483647;
			files = (
				E0F29B442542D2E600275058 /* Preview Assets.xcassets in Resources */,
				E0F29B412542D2E600275058 /* Assets.xcassets in Resources */,
			);
			runOnlyForDeploymentPostprocessing = 0;
		};
/* End PBXResourcesBuildPhase section */

/* Begin PBXSourcesBuildPhase section */
		E0F29B352542D2E200275058 /* Sources */ = {
			isa = PBXSourcesBuildPhase;
			buildActionMask = 2147483647;
			files = (
				E0F8ADDD2548702900D2F81B /* LocationService.swift in Sources */,
				E0F29B492542D2E600275058 /* route_rider.xcdatamodeld in Sources */,
				E0F29B462542D2E600275058 /* Persistence.swift in Sources */,
				E0F29B3F2542D2E200275058 /* ContentView.swift in Sources */,
				E0F29B5225444F2F00275058 /* addItemview.swift in Sources */,
				E0F29B3D2542D2E200275058 /* route_riderApp.swift in Sources */,
			);
			runOnlyForDeploymentPostprocessing = 0;
		};
/* End PBXSourcesBuildPhase section */

/* Begin XCBuildConfiguration section */
		E0F29B4B2542D2E600275058 /* Debug */ = {
			isa = XCBuildConfiguration;
			buildSettings = {
				ALWAYS_SEARCH_USER_PATHS = NO;
				CLANG_ANALYZER_NONNULL = YES;
				CLANG_ANALYZER_NUMBER_OBJECT_CONVERSION = YES_AGGRESSIVE;
				CLANG_CXX_LANGUAGE_STANDARD = "gnu++14";
				CLANG_CXX_LIBRARY = "libc++";
				CLANG_ENABLE_MODULES = YES;
				CLANG_ENABLE_OBJC_ARC = YES;
				CLANG_ENABLE_OBJC_WEAK = YES;
				CLANG_WARN_BLOCK_CAPTURE_AUTORELEASING = YES;
				CLANG_WARN_BOOL_CONVERSION = YES;
				CLANG_WARN_COMMA = YES;
				CLANG_WARN_CONSTANT_CONVERSION = YES;
				CLANG_WARN_DEPRECATED_OBJC_IMPLEMENTATIONS = YES;
				CLANG_WARN_DIRECT_OBJC_ISA_USAGE = YES_ERROR;
				CLANG_WARN_DOCUMENTATION_COMMENTS = YES;
				CLANG_WARN_EMPTY_BODY = YES;
				CLANG_WARN_ENUM_CONVERSION = YES;
				CLANG_WARN_INFINITE_RECURSION = YES;
				CLANG_WARN_INT_CONVERSION = YES;
				CLANG_WARN_NON_LITERAL_NULL_CONVERSION = YES;
				CLANG_WARN_OBJC_IMPLICIT_RETAIN_SELF = YES;
				CLANG_WARN_OBJC_LITERAL_CONVERSION = YES;
				CLANG_WARN_OBJC_ROOT_CLASS = YES_ERROR;
				CLANG_WARN_QUOTED_INCLUDE_IN_FRAMEWORK_HEADER = YES;
				CLANG_WARN_RANGE_LOOP_ANALYSIS = YES;
				CLANG_WARN_STRICT_PROTOTYPES = YES;
				CLANG_WARN_SUSPICIOUS_MOVE = YES;
				CLANG_WARN_UNGUARDED_AVAILABILITY = YES_AGGRESSIVE;
				CLANG_WARN_UNREACHABLE_CODE = YES;
				CLANG_WARN__DUPLICATE_METHOD_MATCH = YES;
				COPY_PHASE_STRIP = NO;
				DEBUG_INFORMATION_FORMAT = dwarf;
				ENABLE_STRICT_OBJC_MSGSEND = YES;
				ENABLE_TESTABILITY = YES;
				GCC_C_LANGUAGE_STANDARD = gnu11;
				GCC_DYNAMIC_NO_PIC = NO;
				GCC_NO_COMMON_BLOCKS = YES;
				GCC_OPTIMIZATION_LEVEL = 0;
				GCC_PREPROCESSOR_DEFINITIONS = (
					"DEBUG=1",
					"$(inherited)",
				);
				GCC_WARN_64_TO_32_BIT_CONVERSION = YES;
				GCC_WARN_ABOUT_RETURN_TYPE = YES_ERROR;
				GCC_WARN_UNDECLARED_SELECTOR = YES;
				GCC_WARN_UNINITIALIZED_AUTOS = YES_AGGRESSIVE;
				GCC_WARN_UNUSED_FUNCTION = YES;
				GCC_WARN_UNUSED_VARIABLE = YES;
				IPHONEOS_DEPLOYMENT_TARGET = 14.1;
				MTL_ENABLE_DEBUG_INFO = INCLUDE_SOURCE;
				MTL_FAST_MATH = YES;
				ONLY_ACTIVE_ARCH = YES;
				SDKROOT = iphoneos;
				SWIFT_ACTIVE_COMPILATION_CONDITIONS = DEBUG;
				SWIFT_OPTIMIZATION_LEVEL = "-Onone";
			};
			name = Debug;
		};
		E0F29B4C2542D2E600275058 /* Release */ = {
			isa = XCBuildConfiguration;
			buildSettings = {
				ALWAYS_SEARCH_USER_PATHS = NO;
				CLANG_ANALYZER_NONNULL = YES;
				CLANG_ANALYZER_NUMBER_OBJECT_CONVERSION = YES_AGGRESSIVE;
				CLANG_CXX_LANGUAGE_STANDARD = "gnu++14";
				CLANG_CXX_LIBRARY = "libc++";
				CLANG_ENABLE_MODULES = YES;
				CLANG_ENABLE_OBJC_ARC = YES;
				CLANG_ENABLE_OBJC_WEAK = YES;
				CLANG_WARN_BLOCK_CAPTURE_AUTORELEASING = YES;
				CLANG_WARN_BOOL_CONVERSION = YES;
				CLANG_WARN_COMMA = YES;
				CLANG_WARN_CONSTANT_CONVERSION = YES;
				CLANG_WARN_DEPRECATED_OBJC_IMPLEMENTATIONS = YES;
				CLANG_WARN_DIRECT_OBJC_ISA_USAGE = YES_ERROR;
				CLANG_WARN_DOCUMENTATION_COMMENTS = YES;
				CLANG_WARN_EMPTY_BODY = YES;
				CLANG_WARN_ENUM_CONVERSION = YES;
				CLANG_WARN_INFINITE_RECURSION = YES;
				CLANG_WARN_INT_CONVERSION = YES;
				CLANG_WARN_NON_LITERAL_NULL_CONVERSION = YES;
				CLANG_WARN_OBJC_IMPLICIT_RETAIN_SELF = YES;
				CLANG_WARN_OBJC_LITERAL_CONVERSION = YES;
				CLANG_WARN_OBJC_ROOT_CLASS = YES_ERROR;
				CLANG_WARN_QUOTED_INCLUDE_IN_FRAMEWORK_HEADER = YES;
				CLANG_WARN_RANGE_LOOP_ANALYSIS = YES;
				CLANG_WARN_STRICT_PROTOTYPES = YES;
				CLANG_WARN_SUSPICIOUS_MOVE = YES;
				CLANG_WARN_UNGUARDED_AVAILABILITY = YES_AGGRESSIVE;
				CLANG_WARN_UNREACHABLE_CODE = YES;
				CLANG_WARN__DUPLICATE_METHOD_MATCH = YES;
				COPY_PHASE_STRIP = NO;
				DEBUG_INFORMATION_FORMAT = "dwarf-with-dsym";
				ENABLE_NS_ASSERTIONS = NO;
				ENABLE_STRICT_OBJC_MSGSEND = YES;
				GCC_C_LANGUAGE_STANDARD = gnu11;
				GCC_NO_COMMON_BLOCKS = YES;
				GCC_WARN_64_TO_32_BIT_CONVERSION = YES;
				GCC_WARN_ABOUT_RETURN_TYPE = YES_ERROR;
				GCC_WARN_UNDECLARED_SELECTOR = YES;
				GCC_WARN_UNINITIALIZED_AUTOS = YES_AGGRESSIVE;
				GCC_WARN_UNUSED_FUNCTION = YES;
				GCC_WARN_UNUSED_VARIABLE = YES;
				IPHONEOS_DEPLOYMENT_TARGET = 14.1;
				MTL_ENABLE_DEBUG_INFO = NO;
				MTL_FAST_MATH = YES;
				SDKROOT = iphoneos;
				SWIFT_COMPILATION_MODE = wholemodule;
				SWIFT_OPTIMIZATION_LEVEL = "-O";
				VALIDATE_PRODUCT = YES;
			};
			name = Release;
		};
		E0F29B4E2542D2E600275058 /* Debug */ = {
			isa = XCBuildConfiguration;
			buildSettings = {
				ASSETCATALOG_COMPILER_APPICON_NAME = AppIcon;
				ASSETCATALOG_COMPILER_GLOBAL_ACCENT_COLOR_NAME = AccentColor;
				CODE_SIGN_STYLE = Automatic;
				DEVELOPMENT_ASSET_PATHS = "\"route-rider/Preview Content\"";
				DEVELOPMENT_TEAM = GAW6Q8SLT2;
				ENABLE_PREVIEWS = YES;
				INFOPLIST_FILE = "route-rider/Info.plist";
				IPHONEOS_DEPLOYMENT_TARGET = 14.0;
				LD_RUNPATH_SEARCH_PATHS = (
					"$(inherited)",
					"@executable_path/Frameworks",
				);
				PRODUCT_BUNDLE_IDENTIFIER = "myIosApp.route-rider";
				PRODUCT_NAME = "$(TARGET_NAME)";
				SWIFT_VERSION = 5.0;
				TARGETED_DEVICE_FAMILY = "1,2";
			};
			name = Debug;
		};
		E0F29B4F2542D2E600275058 /* Release */ = {
			isa = XCBuildConfiguration;
			buildSettings = {
				ASSETCATALOG_COMPILER_APPICON_NAME = AppIcon;
				ASSETCATALOG_COMPILER_GLOBAL_ACCENT_COLOR_NAME = AccentColor;
				CODE_SIGN_STYLE = Automatic;
				DEVELOPMENT_ASSET_PATHS = "\"route-rider/Preview Content\"";
				DEVELOPMENT_TEAM = GAW6Q8SLT2;
				ENABLE_PREVIEWS = YES;
				INFOPLIST_FILE = "route-rider/Info.plist";
				IPHONEOS_DEPLOYMENT_TARGET = 14.0;
				LD_RUNPATH_SEARCH_PATHS = (
					"$(inherited)",
					"@executable_path/Frameworks",
				);
				PRODUCT_BUNDLE_IDENTIFIER = "myIosApp.route-rider";
				PRODUCT_NAME = "$(TARGET_NAME)";
				SWIFT_VERSION = 5.0;
				TARGETED_DEVICE_FAMILY = "1,2";
			};
			name = Release;
		};
/* End XCBuildConfiguration section */

/* Begin XCConfigurationList section */
		E0F29B342542D2E200275058 /* Build configuration list for PBXProject "route-rider" */ = {
			isa = XCConfigurationList;
			buildConfigurations = (
				E0F29B4B2542D2E600275058 /* Debug */,
				E0F29B4C2542D2E600275058 /* Release */,
			);
			defaultConfigurationIsVisible = 0;
			defaultConfigurationName = Release;
		};
		E0F29B4D2542D2E600275058 /* Build configuration list for PBXNativeTarget "route-rider" */ = {
			isa = XCConfigurationList;
			buildConfigurations = (
				E0F29B4E2542D2E600275058 /* Debug */,
				E0F29B4F2542D2E600275058 /* Release */,
			);
			defaultConfigurationIsVisible = 0;
			defaultConfigurationName = Release;
		};
/* End XCConfigurationList section */

/* Begin XCVersionGroup section */
		E0F29B472542D2E600275058 /* route_rider.xcdatamodeld */ = {
			isa = XCVersionGroup;
			children = (
				E0F29B482542D2E600275058 /* route_rider.xcdatamodel */,
			);
			currentVersion = E0F29B482542D2E600275058 /* route_rider.xcdatamodel */;
			path = route_rider.xcdatamodeld;
			sourceTree = "<group>";
			versionGroupType = wrapper.xcdatamodel;
		};
/* End XCVersionGroup section */
	};
	rootObject = E0F29B312542D2E200275058 /* Project object */;
}
